
Microsoft Visual Studio Solution File, Format Version 12.00
# Visual Studio Version 17
VisualStudioVersion = 17.4.32804.182
MinimumVisualStudioVersion = 10.0.40219.1
Project("{9A19103F-16F7-4668-BE54-9A1E7A4F7556}") = "CoreApp", "CoreApp\CoreApp.csproj", "{969E10C9-82A3-4712-A64F-CCAF92EE56FA}"
EndProject
Project("{9A19103F-16F7-4668-BE54-9A1E7A4F7556}") = "Multi", "Multi\Multi.csproj", "{01C69E27-E55C-4191-931E-331EFF2DA843}"
EndProject
Project("{D954291E-2A0B-460D-934E-DC6B0785DB48}") = "Shared", "Shared\Shared.shproj", "{75C1D685-39E1-440D-AD40-F73563E4DC5A}"
EndProject
Project("{9A19103F-16F7-4668-BE54-9A1E7A4F7556}") = "Cshtml", "Cshtml\Cshtml.csproj", "{81B7836E-4F0C-4B4F-8784-8300DD443345}"
EndProject
Project("{9A19103F-16F7-4668-BE54-9A1E7A4F7556}") = "Razor", "Razor\Razor.csproj", "{925852C6-3A89-4E48-9B54-2DF28C6DFA64}"
EndProject
Project("{9A19103F-16F7-4668-BE54-9A1E7A4F7556}") = "UnitTest", "UnitTest\UnitTest.csproj", "{77123D29-73BC-4A7B-947C-86827CB3C8FB}"
EndProject
Project("{FAE04EC0-301F-11D3-BF4B-00C04F79EFBC}") = "Aspx", "Aspx\Aspx.csproj", "{46170ACF-BBF1-49CD-A88A-D4E619015A2A}"
EndProject
Project("{FAE04EC0-301F-11D3-BF4B-00C04F79EFBC}") = "Xaml", "Xaml\Xaml.csproj", "{01A4003D-7B09-43A3-8B01-FD304DBCD8E2}"
EndProject
Project("{778DAE3C-4631-46EA-AA77-85C1314464D9}") = "VB", "VB\VB.vbproj", "{91804766-A662-40C4-BCFF-536B60F37650}"
EndProject
Project("{FAE04EC0-301F-11D3-BF4B-00C04F79EFBC}") = "WinForms", "WinForms\WinForms.csproj", "{028CF427-D130-4481-B008-F3AB5F94BED5}"
EndProject
Project("{8BC9CEB8-8B4A-11D0-8D11-00A0C91BC942}") = "Cpp", "Cpp\Cpp.vcxproj", "{04063CA8-A0AC-47FF-8622-CC9294AFA76D}"
EndProject
Project("{FAE04EC0-301F-11D3-BF4B-00C04F79EFBC}") = "Framework", "Framework\Framework.csproj", "{4C1A39B4-43F0-45FA-A73D-B750C30147B8}"
EndProject
Global
	GlobalSection(SolutionConfigurationPlatforms) = preSolution
		Debug|Any CPU = Debug|Any CPU
		Debug|x64 = Debug|x64
		Debug|x86 = Debug|x86
		Release|Any CPU = Release|Any CPU
		Release|x64 = Release|x64
		Release|x86 = Release|x86
	EndGlobalSection
	GlobalSection(ProjectConfigurationPlatforms) = postSolution
		{969E10C9-82A3-4712-A64F-CCAF92EE56FA}.Debug|Any CPU.ActiveCfg = Debug|Any CPU
		{969E10C9-82A3-4712-A64F-CCAF92EE56FA}.Debug|Any CPU.Build.0 = Debug|Any CPU
		{969E10C9-82A3-4712-A64F-CCAF92EE56FA}.Debug|x64.ActiveCfg = Debug|Any CPU
		{969E10C9-82A3-4712-A64F-CCAF92EE56FA}.Debug|x64.Build.0 = Debug|Any CPU
		{969E10C9-82A3-4712-A64F-CCAF92EE56FA}.Debug|x86.ActiveCfg = Debug|Any CPU
		{969E10C9-82A3-4712-A64F-CCAF92EE56FA}.Debug|x86.Build.0 = Debug|Any CPU
		{969E10C9-82A3-4712-A64F-CCAF92EE56FA}.Release|Any CPU.ActiveCfg = Release|Any CPU
		{969E10C9-82A3-4712-A64F-CCAF92EE56FA}.Release|Any CPU.Build.0 = Release|Any CPU
		{969E10C9-82A3-4712-A64F-CCAF92EE56FA}.Release|x64.ActiveCfg = Release|Any CPU
		{969E10C9-82A3-4712-A64F-CCAF92EE56FA}.Release|x64.Build.0 = Release|Any CPU
		{969E10C9-82A3-4712-A64F-CCAF92EE56FA}.Release|x86.ActiveCfg = Release|Any CPU
		{969E10C9-82A3-4712-A64F-CCAF92EE56FA}.Release|x86.Build.0 = Release|Any CPU
		{01C69E27-E55C-4191-931E-331EFF2DA843}.Debug|Any CPU.ActiveCfg = Debug|Any CPU
		{01C69E27-E55C-4191-931E-331EFF2DA843}.Debug|Any CPU.Build.0 = Debug|Any CPU
		{01C69E27-E55C-4191-931E-331EFF2DA843}.Debug|x64.ActiveCfg = Debug|Any CPU
		{01C69E27-E55C-4191-931E-331EFF2DA843}.Debug|x64.Build.0 = Debug|Any CPU
		{01C69E27-E55C-4191-931E-331EFF2DA843}.Debug|x86.ActiveCfg = Debug|Any CPU
		{01C69E27-E55C-4191-931E-331EFF2DA843}.Debug|x86.Build.0 = Debug|Any CPU
		{01C69E27-E55C-4191-931E-331EFF2DA843}.Release|Any CPU.ActiveCfg = Release|Any CPU
		{01C69E27-E55C-4191-931E-331EFF2DA843}.Release|Any CPU.Build.0 = Release|Any CPU
		{01C69E27-E55C-4191-931E-331EFF2DA843}.Release|x64.ActiveCfg = Release|Any CPU
		{01C69E27-E55C-4191-931E-331EFF2DA843}.Release|x64.Build.0 = Release|Any CPU
		{01C69E27-E55C-4191-931E-331EFF2DA843}.Release|x86.ActiveCfg = Release|Any CPU
		{01C69E27-E55C-4191-931E-331EFF2DA843}.Release|x86.Build.0 = Release|Any CPU
		{81B7836E-4F0C-4B4F-8784-8300DD443345}.Debug|Any CPU.ActiveCfg = Debug|Any CPU
		{81B7836E-4F0C-4B4F-8784-8300DD443345}.Debug|Any CPU.Build.0 = Debug|Any CPU
		{81B7836E-4F0C-4B4F-8784-8300DD443345}.Debug|x64.ActiveCfg = Debug|Any CPU
		{81B7836E-4F0C-4B4F-8784-8300DD443345}.Debug|x64.Build.0 = Debug|Any CPU
		{81B7836E-4F0C-4B4F-8784-8300DD443345}.Debug|x86.ActiveCfg = Debug|Any CPU
		{81B7836E-4F0C-4B4F-8784-8300DD443345}.Debug|x86.Build.0 = Debug|Any CPU
		{81B7836E-4F0C-4B4F-8784-8300DD443345}.Release|Any CPU.ActiveCfg = Release|Any CPU
		{81B7836E-4F0C-4B4F-8784-8300DD443345}.Release|Any CPU.Build.0 = Release|Any CPU
		{81B7836E-4F0C-4B4F-8784-8300DD443345}.Release|x64.ActiveCfg = Release|Any CPU
		{81B7836E-4F0C-4B4F-8784-8300DD443345}.Release|x64.Build.0 = Release|Any CPU
		{81B7836E-4F0C-4B4F-8784-8300DD443345}.Release|x86.ActiveCfg = Release|Any CPU
		{81B7836E-4F0C-4B4F-8784-8300DD443345}.Release|x86.Build.0 = Release|Any CPU
		{925852C6-3A89-4E48-9B54-2DF28C6DFA64}.Debug|Any CPU.ActiveCfg = Debug|Any CPU
		{925852C6-3A89-4E48-9B54-2DF28C6DFA64}.Debug|Any CPU.Build.0 = Debug|Any CPU
		{925852C6-3A89-4E48-9B54-2DF28C6DFA64}.Debug|x64.ActiveCfg = Debug|Any CPU
		{925852C6-3A89-4E48-9B54-2DF28C6DFA64}.Debug|x64.Build.0 = Debug|Any CPU
		{925852C6-3A89-4E48-9B54-2DF28C6DFA64}.Debug|x86.ActiveCfg = Debug|Any CPU
		{925852C6-3A89-4E48-9B54-2DF28C6DFA64}.Debug|x86.Build.0 = Debug|Any CPU
		{925852C6-3A89-4E48-9B54-2DF28C6DFA64}.Release|Any CPU.ActiveCfg = Release|Any CPU
		{925852C6-3A89-4E48-9B54-2DF28C6DFA64}.Release|Any CPU.Build.0 = Release|Any CPU
		{925852C6-3A89-4E48-9B54-2DF28C6DFA64}.Release|x64.ActiveCfg = Release|Any CPU
		{925852C6-3A89-4E48-9B54-2DF28C6DFA64}.Release|x64.Build.0 = Release|Any CPU
		{925852C6-3A89-4E48-9B54-2DF28C6DFA64}.Release|x86.ActiveCfg = Release|Any CPU
		{925852C6-3A89-4E48-9B54-2DF28C6DFA64}.Release|x86.Build.0 = Release|Any CPU
		{77123D29-73BC-4A7B-947C-86827CB3C8FB}.Debug|Any CPU.ActiveCfg = Debug|Any CPU
		{77123D29-73BC-4A7B-947C-86827CB3C8FB}.Debug|Any CPU.Build.0 = Debug|Any CPU
		{77123D29-73BC-4A7B-947C-86827CB3C8FB}.Debug|x64.ActiveCfg = Debug|Any CPU
		{77123D29-73BC-4A7B-947C-86827CB3C8FB}.Debug|x64.Build.0 = Debug|Any CPU
		{77123D29-73BC-4A7B-947C-86827CB3C8FB}.Debug|x86.ActiveCfg = Debug|Any CPU
		{77123D29-73BC-4A7B-947C-86827CB3C8FB}.Debug|x86.Build.0 = Debug|Any CPU
		{77123D29-73BC-4A7B-947C-86827CB3C8FB}.Release|Any CPU.ActiveCfg = Release|Any CPU
		{77123D29-73BC-4A7B-947C-86827CB3C8FB}.Release|Any CPU.Build.0 = Release|Any CPU
		{77123D29-73BC-4A7B-947C-86827CB3C8FB}.Release|x64.ActiveCfg = Release|Any CPU
		{77123D29-73BC-4A7B-947C-86827CB3C8FB}.Release|x64.Build.0 = Release|Any CPU
		{77123D29-73BC-4A7B-947C-86827CB3C8FB}.Release|x86.ActiveCfg = Release|Any CPU
		{77123D29-73BC-4A7B-947C-86827CB3C8FB}.Release|x86.Build.0 = Release|Any CPU
		{46170ACF-BBF1-49CD-A88A-D4E619015A2A}.Debug|Any CPU.ActiveCfg = Debug|Any CPU
		{46170ACF-BBF1-49CD-A88A-D4E619015A2A}.Debug|Any CPU.Build.0 = Debug|Any CPU
		{46170ACF-BBF1-49CD-A88A-D4E619015A2A}.Debug|x64.ActiveCfg = Debug|Any CPU
		{46170ACF-BBF1-49CD-A88A-D4E619015A2A}.Debug|x64.Build.0 = Debug|Any CPU
		{46170ACF-BBF1-49CD-A88A-D4E619015A2A}.Debug|x86.ActiveCfg = Debug|Any CPU
		{46170ACF-BBF1-49CD-A88A-D4E619015A2A}.Debug|x86.Build.0 = Debug|Any CPU
		{46170ACF-BBF1-49CD-A88A-D4E619015A2A}.Release|Any CPU.ActiveCfg = Release|Any CPU
		{46170ACF-BBF1-49CD-A88A-D4E619015A2A}.Release|Any CPU.Build.0 = Release|Any CPU
		{46170ACF-BBF1-49CD-A88A-D4E619015A2A}.Release|x64.ActiveCfg = Release|Any CPU
		{46170ACF-BBF1-49CD-A88A-D4E619015A2A}.Release|x64.Build.0 = Release|Any CPU
		{46170ACF-BBF1-49CD-A88A-D4E619015A2A}.Release|x86.ActiveCfg = Release|Any CPU
		{46170ACF-BBF1-49CD-A88A-D4E619015A2A}.Release|x86.Build.0 = Release|Any CPU
		{01A4003D-7B09-43A3-8B01-FD304DBCD8E2}.Debug|Any CPU.ActiveCfg = Debug|Any CPU
		{01A4003D-7B09-43A3-8B01-FD304DBCD8E2}.Debug|Any CPU.Build.0 = Debug|Any CPU
		{01A4003D-7B09-43A3-8B01-FD304DBCD8E2}.Debug|x64.ActiveCfg = Debug|Any CPU
		{01A4003D-7B09-43A3-8B01-FD304DBCD8E2}.Debug|x64.Build.0 = Debug|Any CPU
		{01A4003D-7B09-43A3-8B01-FD304DBCD8E2}.Debug|x86.ActiveCfg = Debug|Any CPU
		{01A4003D-7B09-43A3-8B01-FD304DBCD8E2}.Debug|x86.Build.0 = Debug|Any CPU
		{01A4003D-7B09-43A3-8B01-FD304DBCD8E2}.Release|Any CPU.ActiveCfg = Release|Any CPU
		{01A4003D-7B09-43A3-8B01-FD304DBCD8E2}.Release|Any CPU.Build.0 = Release|Any CPU
		{01A4003D-7B09-43A3-8B01-FD304DBCD8E2}.Release|x64.ActiveCfg = Release|Any CPU
		{01A4003D-7B09-43A3-8B01-FD304DBCD8E2}.Release|x64.Build.0 = Release|Any CPU
		{01A4003D-7B09-43A3-8B01-FD304DBCD8E2}.Release|x86.ActiveCfg = Release|Any CPU
		{01A4003D-7B09-43A3-8B01-FD304DBCD8E2}.Release|x86.Build.0 = Release|Any CPU
		{91804766-A662-40C4-BCFF-536B60F37650}.Debug|Any CPU.ActiveCfg = Debug|Any CPU
		{91804766-A662-40C4-BCFF-536B60F37650}.Debug|Any CPU.Build.0 = Debug|Any CPU
		{91804766-A662-40C4-BCFF-536B60F37650}.Debug|x64.ActiveCfg = Debug|Any CPU
		{91804766-A662-40C4-BCFF-536B60F37650}.Debug|x64.Build.0 = Debug|Any CPU
		{91804766-A662-40C4-BCFF-536B60F37650}.Debug|x86.ActiveCfg = Debug|Any CPU
		{91804766-A662-40C4-BCFF-536B60F37650}.Debug|x86.Build.0 = Debug|Any CPU
		{91804766-A662-40C4-BCFF-536B60F37650}.Release|Any CPU.ActiveCfg = Release|Any CPU
		{91804766-A662-40C4-BCFF-536B60F37650}.Release|Any CPU.Build.0 = Release|Any CPU
		{91804766-A662-40C4-BCFF-536B60F37650}.Release|x64.ActiveCfg = Release|Any CPU
		{91804766-A662-40C4-BCFF-536B60F37650}.Release|x64.Build.0 = Release|Any CPU
		{91804766-A662-40C4-BCFF-536B60F37650}.Release|x86.ActiveCfg = Release|Any CPU
		{91804766-A662-40C4-BCFF-536B60F37650}.Release|x86.Build.0 = Release|Any CPU
		{028CF427-D130-4481-B008-F3AB5F94BED5}.Debug|Any CPU.ActiveCfg = Debug|Any CPU
		{028CF427-D130-4481-B008-F3AB5F94BED5}.Debug|Any CPU.Build.0 = Debug|Any CPU
		{028CF427-D130-4481-B008-F3AB5F94BED5}.Debug|x64.ActiveCfg = Debug|Any CPU
		{028CF427-D130-4481-B008-F3AB5F94BED5}.Debug|x64.Build.0 = Debug|Any CPU
		{028CF427-D130-4481-B008-F3AB5F94BED5}.Debug|x86.ActiveCfg = Debug|Any CPU
		{028CF427-D130-4481-B008-F3AB5F94BED5}.Debug|x86.Build.0 = Debug|Any CPU
		{028CF427-D130-4481-B008-F3AB5F94BED5}.Release|Any CPU.ActiveCfg = Release|Any CPU
		{028CF427-D130-4481-B008-F3AB5F94BED5}.Release|Any CPU.Build.0 = Release|Any CPU
		{028CF427-D130-4481-B008-F3AB5F94BED5}.Release|x64.ActiveCfg = Release|Any CPU
		{028CF427-D130-4481-B008-F3AB5F94BED5}.Release|x64.Build.0 = Release|Any CPU
		{028CF427-D130-4481-B008-F3AB5F94BED5}.Release|x86.ActiveCfg = Release|Any CPU
		{028CF427-D130-4481-B008-F3AB5F94BED5}.Release|x86.Build.0 = Release|Any CPU
		{04063CA8-A0AC-47FF-8622-CC9294AFA76D}.Debug|Any CPU.ActiveCfg = Debug|x64
		{04063CA8-A0AC-47FF-8622-CC9294AFA76D}.Debug|Any CPU.Build.0 = Debug|x64
		{04063CA8-A0AC-47FF-8622-CC9294AFA76D}.Debug|x64.ActiveCfg = Debug|x64
		{04063CA8-A0AC-47FF-8622-CC9294AFA76D}.Debug|x64.Build.0 = Debug|x64
		{04063CA8-A0AC-47FF-8622-CC9294AFA76D}.Debug|x86.ActiveCfg = Debug|Win32
		{04063CA8-A0AC-47FF-8622-CC9294AFA76D}.Debug|x86.Build.0 = Debug|Win32
		{04063CA8-A0AC-47FF-8622-CC9294AFA76D}.Release|Any CPU.ActiveCfg = Release|x64
		{04063CA8-A0AC-47FF-8622-CC9294AFA76D}.Release|Any CPU.Build.0 = Release|x64
		{04063CA8-A0AC-47FF-8622-CC9294AFA76D}.Release|x64.ActiveCfg = Release|x64
		{04063CA8-A0AC-47FF-8622-CC9294AFA76D}.Release|x64.Build.0 = Release|x64
		{04063CA8-A0AC-47FF-8622-CC9294AFA76D}.Release|x86.ActiveCfg = Release|Win32
		{04063CA8-A0AC-47FF-8622-CC9294AFA76D}.Release|x86.Build.0 = Release|Win32
		{4C1A39B4-43F0-45FA-A73D-B750C30147B8}.Debug|Any CPU.ActiveCfg = Debug|Any CPU
		{4C1A39B4-43F0-45FA-A73D-B750C30147B8}.Debug|Any CPU.Build.0 = Debug|Any CPU
		{4C1A39B4-43F0-45FA-A73D-B750C30147B8}.Debug|x64.ActiveCfg = Debug|Any CPU
		{4C1A39B4-43F0-45FA-A73D-B750C30147B8}.Debug|x64.Build.0 = Debug|Any CPU
		{4C1A39B4-43F0-45FA-A73D-B750C30147B8}.Debug|x86.ActiveCfg = Debug|Any CPU
		{4C1A39B4-43F0-45FA-A73D-B750C30147B8}.Debug|x86.Build.0 = Debug|Any CPU
		{4C1A39B4-43F0-45FA-A73D-B750C30147B8}.Release|Any CPU.ActiveCfg = Release|Any CPU
		{4C1A39B4-43F0-45FA-A73D-B750C30147B8}.Release|Any CPU.Build.0 = Release|Any CPU
		{4C1A39B4-43F0-45FA-A73D-B750C30147B8}.Release|x64.ActiveCfg = Release|Any CPU
		{4C1A39B4-43F0-45FA-A73D-B750C30147B8}.Release|x64.Build.0 = Release|Any CPU
		{4C1A39B4-43F0-45FA-A73D-B750C30147B8}.Release|x86.ActiveCfg = Release|Any CPU
		{4C1A39B4-43F0-45FA-A73D-B750C30147B8}.Release|x86.Build.0 = Release|Any CPU
	EndGlobalSection
	GlobalSection(SolutionProperties) = preSolution
		HideSolutionNode = FALSE
	EndGlobalSection
	GlobalSection(ExtensibilityGlobals) = postSolution
		SolutionGuid = {02587837-7919-482E-BC2E-662AFA935E3E}
	EndGlobalSection
	GlobalSection(SharedMSBuildProjectFiles) = preSolution
		Shared\Shared.projitems*{01c69e27-e55c-4191-931e-331eff2da843}*SharedItemsImports = 5
		Shared\Shared.projitems*{4c1a39b4-43f0-45fa-a73d-b750c30147b8}*SharedItemsImports = 4
		Shared\Shared.projitems*{75c1d685-39e1-440d-ad40-f73563e4dc5a}*SharedItemsImports = 13
		Shared\Shared.projitems*{969e10c9-82a3-4712-a64f-ccaf92ee56fa}*SharedItemsImports = 5
	EndGlobalSection
EndGlobal
